Microsoft Visual Studio Solution File, Format Version 12.00
# Visual Studio Version 17
VisualStudioVersion = 17.5.2.0
MinimumVisualStudioVersion = 10.0.40219.1
Project("{FAE04EC0-301F-11D3-BF4B-00C04F79EFBC}") = "HospitalManagement.API", "HospitalManagement.API\HospitalManagement.API.csproj", "{21737872-4EE5-56C1-5185-F1F753D82ADB}"
EndProject
Global
	GlobalSection(SolutionConfigurationPlatforms) = preSolution
		Debug|Any CPU = Debug|Any CPU
		Release|Any CPU = Release|Any CPU
	EndGlobalSection
	GlobalSection(ProjectConfigurationPlatforms) = postSolution
		{21737872-4EE5-56C1-5185-F1F753D82ADB}.Debug|Any CPU.ActiveCfg = Debug|Any CPU
		{21737872-4EE5-56C1-5185-F1F753D82ADB}.Debug|Any CPU.Build.0 = Debug|Any CPU
		{21737872-4EE5-56C1-5185-F1F753D82ADB}.Release|Any CPU.ActiveCfg = Release|Any CPU
		{21737872-4EE5-56C1-5185-F1F753D82ADB}.Release|Any CPU.Build.0 = Release|Any CPU
	EndGlobalSection
	GlobalSection(SolutionProperties) = preSolution
		HideSolutionNode = FALSE
	EndGlobalSection
	GlobalSection(ExtensibilityGlobals) = postSolution
		SolutionGuid = {6C1AA341-08BD-4043-95DC-1D38E1F629AB}
	EndGlobalSection
EndGlobal
